// !$*UTF8*$!
{
	archiveVersion = 1;
	classes = {
	};
	objectVersion = 46;
	objects = {

/* Begin PBXBuildFile section */
		D87199EC1EB8A4C800CC0054 /* main.cpp in Sources */ = {isa = PBXBuildFile; fileRef = D87199EB1EB8A4C800CC0054 /* main.cpp */; };
		D87199F41EB8C2AF00CC0054 /* Neuron.cpp in Sources */ = {isa = PBXBuildFile; fileRef = D87199F21EB8C2AF00CC0054 /* Neuron.cpp */; };
		D87199FA1EB8E06300CC0054 /* Population.cpp in Sources */ = {isa = PBXBuildFile; fileRef = D87199F81EB8E06300CC0054 /* Population.cpp */; };
/* End PBXBuildFile section */

/* Begin PBXCopyFilesBuildPhase section */
		D87199E61EB8A4C700CC0054 /* CopyFiles */ = {
			isa = PBXCopyFilesBuildPhase;
			buildActionMask = 2147483647;
			dstPath = /usr/share/man/man1/;
			dstSubfolderSpec = 0;
			files = (
			);
			runOnlyForDeploymentPostprocessing = 1;
		};
/* End PBXCopyFilesBuildPhase section */

/* Begin PBXFileReference section */
		D87199E81EB8A4C800CC0054 /* exp2 */ = {isa = PBXFileReference; explicitFileType = "compiled.mach-o.executable"; includeInIndex = 0; path = exp2; sourceTree = BUILT_PRODUCTS_DIR; };
		D87199EB1EB8A4C800CC0054 /* main.cpp */ = {isa = PBXFileReference; lastKnownFileType = sourcecode.cpp.cpp; path = main.cpp; sourceTree = "<group>"; };
		D87199F21EB8C2AF00CC0054 /* Neuron.cpp */ = {isa = PBXFileReference; fileEncoding = 4; lastKnownFileType = sourcecode.cpp.cpp; path = Neuron.cpp; sourceTree = "<group>"; };
		D87199F31EB8C2AF00CC0054 /* Neuron.hpp */ = {isa = PBXFileReference; fileEncoding = 4; lastKnownFileType = sourcecode.cpp.h; path = Neuron.hpp; sourceTree = "<group>"; };
		D87199F81EB8E06300CC0054 /* Population.cpp */ = {isa = PBXFileReference; fileEncoding = 4; lastKnownFileType = sourcecode.cpp.cpp; path = Population.cpp; sourceTree = "<group>"; };
		D87199F91EB8E06300CC0054 /* Population.hpp */ = {isa = PBXFileReference; fileEncoding = 4; lastKnownFileType = sourcecode.cpp.h; path = Population.hpp; sourceTree = "<group>"; };
		D87199FB1EBB9C5E00CC0054 /* engine.h */ = {isa = PBXFileReference; fileEncoding = 4; lastKnownFileType = sourcecode.c.h; path = engine.h; sourceTree = "<group>"; };
		D87199FC1EBB9CB800CC0054 /* matrix.h */ = {isa = PBXFileReference; fileEncoding = 4; lastKnownFileType = sourcecode.c.h; path = matrix.h; sourceTree = "<group>"; };
		D87199FD1EBB9D1600CC0054 /* tmwtypes.h */ = {isa = PBXFileReference; fileEncoding = 4; lastKnownFileType = sourcecode.c.h; name = tmwtypes.h; path = exp2/tmwtypes.h; sourceTree = "<group>"; };
/* End PBXFileReference section */

/* Begin PBXFrameworksBuildPhase section */
		D87199E51EB8A4C700CC0054 /* Frameworks */ = {
			isa = PBXFrameworksBuildPhase;
			buildActionMask = 2147483647;
			files = (
			);
			runOnlyForDeploymentPostprocessing = 0;
		};
/* End PBXFrameworksBuildPhase section */

/* Begin PBXGroup section */
		D87199DF1EB8A4C700CC0054 = {
			isa = PBXGroup;
			children = (
				D87199FD1EBB9D1600CC0054 /* tmwtypes.h */,
				D87199EA1EB8A4C800CC0054 /* exp2 */,
				D87199E91EB8A4C800CC0054 /* Products */,
			);
			sourceTree = "<group>";
		};
		D87199E91EB8A4C800CC0054 /* Products */ = {
			isa = PBXGroup;
			children = (
				D87199E81EB8A4C800CC0054 /* exp2 */,
			);
			name = Products;
			sourceTree = "<group>";
		};
		D87199EA1EB8A4C800CC0054 /* exp2 */ = {
			isa = PBXGroup;
			children = (
				D87199EB1EB8A4C800CC0054 /* main.cpp */,
				D87199FC1EBB9CB800CC0054 /* matrix.h */,
				D87199F81EB8E06300CC0054 /* Population.cpp */,
				D87199F91EB8E06300CC0054 /* Population.hpp */,
				D87199FB1EBB9C5E00CC0054 /* engine.h */,
				D87199F21EB8C2AF00CC0054 /* Neuron.cpp */,
				D87199F31EB8C2AF00CC0054 /* Neuron.hpp */,
			);
			path = exp2;
			sourceTree = "<group>";
		};
/* End PBXGroup section */

/* Begin PBXNativeTarget section */
		D87199E71EB8A4C700CC0054 /* exp2 */ = {
			isa = PBXNativeTarget;
			buildConfigurationList = D87199EF1EB8A4C800CC0054 /* Build configuration list for PBXNativeTarget "exp2" */;
			buildPhases = (
				D87199E41EB8A4C700CC0054 /* Sources */,
				D87199E51EB8A4C700CC0054 /* Frameworks */,
				D87199E61EB8A4C700CC0054 /* CopyFiles */,
			);
			buildRules = (
			);
			dependencies = (
			);
			name = exp2;
			productName = exp2;
			productReference = D87199E81EB8A4C800CC0054 /* exp2 */;
			productType = "com.apple.product-type.tool";
		};
/* End PBXNativeTarget section */

/* Begin PBXProject section */
		D87199E01EB8A4C700CC0054 /* Project object */ = {
			isa = PBXProject;
			attributes = {
				LastUpgradeCheck = 0820;
				ORGANIZATIONNAME = OFTNAI;
				TargetAttributes = {
					D87199E71EB8A4C700CC0054 = {
						CreatedOnToolsVersion = 8.2.1;
						ProvisioningStyle = Automatic;
					};
				};
			};
			buildConfigurationList = D87199E31EB8A4C700CC0054 /* Build configuration list for PBXProject "exp2" */;
			compatibilityVersion = "Xcode 3.2";
			developmentRegion = English;
			hasScannedForEncodings = 0;
			knownRegions = (
				en,
			);
			mainGroup = D87199DF1EB8A4C700CC0054;
			productRefGroup = D87199E91EB8A4C800CC0054 /* Products */;
			projectDirPath = "";
			projectRoot = "";
			targets = (
				D87199E71EB8A4C700CC0054 /* exp2 */,
			);
		};
/* End PBXProject section */

/* Begin PBXSourcesBuildPhase section */
		D87199E41EB8A4C700CC0054 /* Sources */ = {
			isa = PBXSourcesBuildPhase;
			buildActionMask = 2147483647;
			files = (
				D87199FA1EB8E06300CC0054 /* Population.cpp in Sources */,
				D87199F41EB8C2AF00CC0054 /* Neuron.cpp in Sources */,
				D87199EC1EB8A4C800CC0054 /* main.cpp in Sources */,
			);
			runOnlyForDeploymentPostprocessing = 0;
		};
/* End PBXSourcesBuildPhase section */

/* Begin XCBuildConfiguration section */
		D87199ED1EB8A4C800CC0054 /* Debug */ = {
			isa = XCBuildConfiguration;
			buildSettings = {
				ALWAYS_SEARCH_USER_PATHS = NO;
				CLANG_ANALYZER_NONNULL = YES;
				CLANG_CXX_LANGUAGE_STANDARD = "gnu++0x";
				CLANG_CXX_LIBRARY = "libc++";
				CLANG_ENABLE_MODULES = YES;
				CLANG_ENABLE_OBJC_ARC = YES;
				CLANG_WARN_BOOL_CONVERSION = YES;
				CLANG_WARN_CONSTANT_CONVERSION = YES;
				CLANG_WARN_DIRECT_OBJC_ISA_USAGE = YES_ERROR;
				CLANG_WARN_DOCUMENTATION_COMMENTS = YES;
				CLANG_WARN_EMPTY_BODY = YES;
				CLANG_WARN_ENUM_CONVERSION = YES;
				CLANG_WARN_INFINITE_RECURSION = YES;
				CLANG_WARN_INT_CONVERSION = YES;
				CLANG_WARN_OBJC_ROOT_CLASS = YES_ERROR;
				CLANG_WARN_SUSPICIOUS_MOVE = YES;
				CLANG_WARN_UNREACHABLE_CODE = YES;
				CLANG_WARN__DUPLICATE_METHOD_MATCH = YES;
				CODE_SIGN_IDENTITY = "-";
				COPY_PHASE_STRIP = NO;
				DEBUG_INFORMATION_FORMAT = dwarf;
				ENABLE_STRICT_OBJC_MSGSEND = YES;
				ENABLE_TESTABILITY = YES;
				GCC_C_LANGUAGE_STANDARD = gnu99;
				GCC_DYNAMIC_NO_PIC = NO;
				GCC_NO_COMMON_BLOCKS = YES;
				GCC_OPTIMIZATION_LEVEL = 0;
				GCC_PREPROCESSOR_DEFINITIONS = (
					"DEBUG=1",
					"$(inherited)",
				);
				GCC_WARN_64_TO_32_BIT_CONVERSION = YES;
				GCC_WARN_ABOUT_RETURN_TYPE = YES_ERROR;
				GCC_WARN_UNDECLARED_SELECTOR = YES;
				GCC_WARN_UNINITIALIZED_AUTOS = YES_AGGRESSIVE;
				GCC_WARN_UNUSED_FUNCTION = YES;
				GCC_WARN_UNUSED_VARIABLE = YES;
				MACOSX_DEPLOYMENT_TARGET = 10.11;
				MTL_ENABLE_DEBUG_INFO = YES;
				ONLY_ACTIVE_ARCH = YES;
				SDKROOT = macosx;
			};
			name = Debug;
		};
		D87199EE1EB8A4C800CC0054 /* Release */ = {
			isa = XCBuildConfiguration;
			buildSettings = {
				ALWAYS_SEARCH_USER_PATHS = NO;
				CLANG_ANALYZER_NONNULL = YES;
				CLANG_CXX_LANGUAGE_STANDARD = "gnu++0x";
				CLANG_CXX_LIBRARY = "libc++";
				CLANG_ENABLE_MODULES = YES;
				CLANG_ENABLE_OBJC_ARC = YES;
				CLANG_WARN_BOOL_CONVERSION = YES;
				CLANG_WARN_CONSTANT_CONVERSION = YES;
				CLANG_WARN_DIRECT_OBJC_ISA_USAGE = YES_ERROR;
				CLANG_WARN_DOCUMENTATION_COMMENTS = YES;
				CLANG_WARN_EMPTY_BODY = YES;
				CLANG_WARN_ENUM_CONVERSION = YES;
				CLANG_WARN_INFINITE_RECURSION = YES;
				CLANG_WARN_INT_CONVERSION = YES;
				CLANG_WARN_OBJC_ROOT_CLASS = YES_ERROR;
				CLANG_WARN_SUSPICIOUS_MOVE = YES;
				CLANG_WARN_UNREACHABLE_CODE = YES;
				CLANG_WARN__DUPLICATE_METHOD_MATCH = YES;
				CODE_SIGN_IDENTITY = "-";
				COPY_PHASE_STRIP = NO;
				DEBUG_INFORMATION_FORMAT = "dwarf-with-dsym";
				ENABLE_NS_ASSERTIONS = NO;
				ENABLE_STRICT_OBJC_MSGSEND = YES;
				GCC_C_LANGUAGE_STANDARD = gnu99;
				GCC_NO_COMMON_BLOCKS = YES;
				GCC_WARN_64_TO_32_BIT_CONVERSION = YES;
				GCC_WARN_ABOUT_RETURN_TYPE = YES_ERROR;
				GCC_WARN_UNDECLARED_SELECTOR = YES;
				GCC_WARN_UNINITIALIZED_AUTOS = YES_AGGRESSIVE;
				GCC_WARN_UNUSED_FUNCTION = YES;
				GCC_WARN_UNUSED_VARIABLE = YES;
				MACOSX_DEPLOYMENT_TARGET = 10.11;
				MTL_ENABLE_DEBUG_INFO = NO;
				SDKROOT = macosx;
			};
			name = Release;
		};
		D87199F01EB8A4C800CC0054 /* Debug */ = {
			isa = XCBuildConfiguration;
			buildSettings = {
				OTHER_CFLAGS = "";
				OTHER_CPLUSPLUSFLAGS = "";
				PRODUCT_NAME = "$(TARGET_NAME)";
			};
			name = Debug;
		};
		D87199F11EB8A4C800CC0054 /* Release */ = {
			isa = XCBuildConfiguration;
			buildSettings = {
				OTHER_CFLAGS = "";
				OTHER_CPLUSPLUSFLAGS = "";
				PRODUCT_NAME = "$(TARGET_NAME)";
			};
			name = Release;
		};
/* End XCBuildConfiguration section */

/* Begin XCConfigurationList section */
		D87199E31EB8A4C700CC0054 /* Build configuration list for PBXProject "exp2" */ = {
			isa = XCConfigurationList;
			buildConfigurations = (
				D87199ED1EB8A4C800CC0054 /* Debug */,
				D87199EE1EB8A4C800CC0054 /* Release */,
			);
			defaultConfigurationIsVisible = 0;
			defaultConfigurationName = Release;
		};
		D87199EF1EB8A4C800CC0054 /* Build configuration list for PBXNativeTarget "exp2" */ = {
			isa = XCConfigurationList;
			buildConfigurations = (
				D87199F01EB8A4C800CC0054 /* Debug */,
				D87199F11EB8A4C800CC0054 /* Release */,
			);
			defaultConfigurationIsVisible = 0;
			defaultConfigurationName = Release;
		};
/* End XCConfigurationList section */
	};
	rootObject = D87199E01EB8A4C700CC0054 /* Project object */;
}
